
Microsoft Visual Studio Solution File, Format Version 12.00
# Visual Studio Version 16
VisualStudioVersion = 16.0.30804.86
MinimumVisualStudioVersion = 10.0.40219.1
Project("{FAE04EC0-301F-11D3-BF4B-00C04F79EFBC}") = "TwentyOne.cs", "TwentyOne.cs\TwentyOne.cs.csproj", "{3B6C4C1F-3393-4182-95F4-1777352AC1F7}"
EndProject
Project("{FAE04EC0-301F-11D3-BF4B-00C04F79EFBC}") = "Casino", "Casino\Casino.csproj", "{B9A3007C-5F0E-4576-AE52-C2691B5DB8C2}"
EndProject
Global
	GlobalSection(SolutionConfigurationPlatforms) = preSolution
		Debug|Any CPU = Debug|Any CPU
		Release|Any CPU = Release|Any CPU
	EndGlobalSection
	GlobalSection(ProjectConfigurationPlatforms) = postSolution
		{3B6C4C1F-3393-4182-95F4-1777352AC1F7}.Debug|Any CPU.ActiveCfg = Debug|Any CPU
		{3B6C4C1F-3393-4182-95F4-1777352AC1F7}.Debug|Any CPU.Build.0 = Debug|Any CPU
		{3B6C4C1F-3393-4182-95F4-1777352AC1F7}.Release|Any CPU.ActiveCfg = Release|Any CPU
		{3B6C4C1F-3393-4182-95F4-1777352AC1F7}.Release|Any CPU.Build.0 = Release|Any CPU
		{B9A3007C-5F0E-4576-AE52-C2691B5DB8C2}.Debug|Any CPU.ActiveCfg = Debug|Any CPU
		{B9A3007C-5F0E-4576-AE52-C2691B5DB8C2}.Debug|Any CPU.Build.0 = Debug|Any CPU
		{B9A3007C-5F0E-4576-AE52-C2691B5DB8C2}.Release|Any CPU.ActiveCfg = Release|Any CPU
		{B9A3007C-5F0E-4576-AE52-C2691B5DB8C2}.Release|Any CPU.Build.0 = Release|Any CPU
	EndGlobalSection
	GlobalSection(SolutionProperties) = preSolution
		HideSolutionNode = FALSE
	EndGlobalSection
	GlobalSection(ExtensibilityGlobals) = postSolution
		SolutionGuid = {139D4D87-5369-4C9D-A69E-99B638F205E3}
	EndGlobalSection
EndGlobal
